
Microsoft Visual Studio Solution File, Format Version 12.00
# Visual Studio Version 17
VisualStudioVersion = 17.4.33122.133
MinimumVisualStudioVersion = 10.0.40219.1
Project("{FAE04EC0-301F-11D3-BF4B-00C04F79EFBC}") = "Serilog.Enrichers.ProcessPath", "Serilog.Enrichers.ProcessPath\Serilog.Enrichers.ProcessPath.csproj", "{4F42CE44-DA16-46AA-AD2A-DFB61FABB87D}"
EndProject
Global
	GlobalSection(SolutionConfigurationPlatforms) = preSolution
		Debug|Any CPU = Debug|Any CPU
		Release|Any CPU = Release|Any CPU
	EndGlobalSection
	GlobalSection(ProjectConfigurationPlatforms) = postSolution
		{4F42CE44-DA16-46AA-AD2A-DFB61FABB87D}.Debug|Any CPU.ActiveCfg = Debug|Any CPU
		{4F42CE44-DA16-46AA-AD2A-DFB61FABB87D}.Debug|Any CPU.Build.0 = Debug|Any CPU
		{4F42CE44-DA16-46AA-AD2A-DFB61FABB87D}.Release|Any CPU.ActiveCfg = Release|Any CPU
		{4F42CE44-DA16-46AA-AD2A-DFB61FABB87D}.Release|Any CPU.Build.0 = Release|Any CPU
	EndGlobalSection
	GlobalSection(SolutionProperties) = preSolution
		HideSolutionNode = FALSE
	EndGlobalSection
	GlobalSection(ExtensibilityGlobals) = postSolution
		SolutionGuid = {3C39D133-975E-4361-81C6-DFBF985C6A99}
	EndGlobalSection
EndGlobal
